
Microsoft Visual Studio Solution File, Format Version 12.00
# Visual Studio Version 17
VisualStudioVersion = 17.4.33213.308
MinimumVisualStudioVersion = 10.0.40219.1
Project("{FAE04EC0-301F-11D3-BF4B-00C04F79EFBC}") = "T6", "T6\T6.csproj", "{B0747E4E-D32C-40B7-A1FA-D86881BB008F}"
EndProject
Global
	GlobalSection(SolutionConfigurationPlatforms) = preSolution
		Debug|Any CPU = Debug|Any CPU
		Release|Any CPU = Release|Any CPU
	EndGlobalSection
	GlobalSection(ProjectConfigurationPlatforms) = postSolution
		{B0747E4E-D32C-40B7-A1FA-D86881BB008F}.Debug|Any CPU.ActiveCfg = Debug|Any CPU
		{B0747E4E-D32C-40B7-A1FA-D86881BB008F}.Debug|Any CPU.Build.0 = Debug|Any CPU
		{B0747E4E-D32C-40B7-A1FA-D86881BB008F}.Release|Any CPU.ActiveCfg = Release|Any CPU
		{B0747E4E-D32C-40B7-A1FA-D86881BB008F}.Release|Any CPU.Build.0 = Release|Any CPU
	EndGlobalSection
	GlobalSection(SolutionProperties) = preSolution
		HideSolutionNode = FALSE
	EndGlobalSection
	GlobalSection(ExtensibilityGlobals) = postSolution
		SolutionGuid = {70EB71C2-0F57-4802-96FE-E2448CE33F18}
	EndGlobalSection
EndGlobal
