
Microsoft Visual Studio Solution File, Format Version 12.00
# Visual Studio Version 17
VisualStudioVersion = 17.4.33213.308
MinimumVisualStudioVersion = 10.0.40219.1
Project("{FAE04EC0-301F-11D3-BF4B-00C04F79EFBC}") = "T5", "T5\T5.csproj", "{748BD352-D236-4D33-897B-2D009625600C}"
EndProject
Global
	GlobalSection(SolutionConfigurationPlatforms) = preSolution
		Debug|Any CPU = Debug|Any CPU
		Release|Any CPU = Release|Any CPU
	EndGlobalSection
	GlobalSection(ProjectConfigurationPlatforms) = postSolution
		{748BD352-D236-4D33-897B-2D009625600C}.Debug|Any CPU.ActiveCfg = Debug|Any CPU
		{748BD352-D236-4D33-897B-2D009625600C}.Debug|Any CPU.Build.0 = Debug|Any CPU
		{748BD352-D236-4D33-897B-2D009625600C}.Release|Any CPU.ActiveCfg = Release|Any CPU
		{748BD352-D236-4D33-897B-2D009625600C}.Release|Any CPU.Build.0 = Release|Any CPU
	EndGlobalSection
	GlobalSection(SolutionProperties) = preSolution
		HideSolutionNode = FALSE
	EndGlobalSection
	GlobalSection(ExtensibilityGlobals) = postSolution
		SolutionGuid = {3D350B78-2990-407C-A97B-47855DA11AD3}
	EndGlobalSection
EndGlobal
