
Microsoft Visual Studio Solution File, Format Version 12.00
# Visual Studio Version 17
<<<<<<< HEAD
VisualStudioVersion = 17.4.33213.308
MinimumVisualStudioVersion = 10.0.40219.1
Project("{FAE04EC0-301F-11D3-BF4B-00C04F79EFBC}") = "T8", "T8\T8.csproj", "{B46947CC-5E8D-49F3-BFCE-F5E564376E7A}"
=======
VisualStudioVersion = 17.7.34024.191
MinimumVisualStudioVersion = 10.0.40219.1
Project("{FAE04EC0-301F-11D3-BF4B-00C04F79EFBC}") = "T8", "T8\T8.csproj", "{6913D8ED-7DC0-4691-B03A-4BBE66758871}"
>>>>>>> 32f68f07ebb9734c80efaf1553139e3a984723b8
EndProject
Global
	GlobalSection(SolutionConfigurationPlatforms) = preSolution
		Debug|Any CPU = Debug|Any CPU
		Release|Any CPU = Release|Any CPU
	EndGlobalSection
	GlobalSection(ProjectConfigurationPlatforms) = postSolution
<<<<<<< HEAD
		{B46947CC-5E8D-49F3-BFCE-F5E564376E7A}.Debug|Any CPU.ActiveCfg = Debug|Any CPU
		{B46947CC-5E8D-49F3-BFCE-F5E564376E7A}.Debug|Any CPU.Build.0 = Debug|Any CPU
		{B46947CC-5E8D-49F3-BFCE-F5E564376E7A}.Release|Any CPU.ActiveCfg = Release|Any CPU
		{B46947CC-5E8D-49F3-BFCE-F5E564376E7A}.Release|Any CPU.Build.0 = Release|Any CPU
=======
		{6913D8ED-7DC0-4691-B03A-4BBE66758871}.Debug|Any CPU.ActiveCfg = Debug|Any CPU
		{6913D8ED-7DC0-4691-B03A-4BBE66758871}.Debug|Any CPU.Build.0 = Debug|Any CPU
		{6913D8ED-7DC0-4691-B03A-4BBE66758871}.Release|Any CPU.ActiveCfg = Release|Any CPU
		{6913D8ED-7DC0-4691-B03A-4BBE66758871}.Release|Any CPU.Build.0 = Release|Any CPU
>>>>>>> 32f68f07ebb9734c80efaf1553139e3a984723b8
	EndGlobalSection
	GlobalSection(SolutionProperties) = preSolution
		HideSolutionNode = FALSE
	EndGlobalSection
	GlobalSection(ExtensibilityGlobals) = postSolution
<<<<<<< HEAD
		SolutionGuid = {2CE1EBAF-2CFC-4AC3-9F6D-9BD361855C77}
=======
		SolutionGuid = {C247BABD-B462-4245-A1AD-40D8B4FAA6D7}
>>>>>>> 32f68f07ebb9734c80efaf1553139e3a984723b8
	EndGlobalSection
EndGlobal
