
Microsoft Visual Studio Solution File, Format Version 12.00
# Visual Studio Version 17
VisualStudioVersion = 17.7.34024.191
MinimumVisualStudioVersion = 10.0.40219.1
Project("{FAE04EC0-301F-11D3-BF4B-00C04F79EFBC}") = "T8", "T8\T8.csproj", "{6913D8ED-7DC0-4691-B03A-4BBE66758871}"
EndProject
Global
	GlobalSection(SolutionConfigurationPlatforms) = preSolution
		Debug|Any CPU = Debug|Any CPU
		Release|Any CPU = Release|Any CPU
	EndGlobalSection
	GlobalSection(ProjectConfigurationPlatforms) = postSolution
		{6913D8ED-7DC0-4691-B03A-4BBE66758871}.Debug|Any CPU.ActiveCfg = Debug|Any CPU
		{6913D8ED-7DC0-4691-B03A-4BBE66758871}.Debug|Any CPU.Build.0 = Debug|Any CPU
		{6913D8ED-7DC0-4691-B03A-4BBE66758871}.Release|Any CPU.ActiveCfg = Release|Any CPU
		{6913D8ED-7DC0-4691-B03A-4BBE66758871}.Release|Any CPU.Build.0 = Release|Any CPU
	EndGlobalSection
	GlobalSection(SolutionProperties) = preSolution
		HideSolutionNode = FALSE
	EndGlobalSection
	GlobalSection(ExtensibilityGlobals) = postSolution
		SolutionGuid = {C247BABD-B462-4245-A1AD-40D8B4FAA6D7}
	EndGlobalSection
EndGlobal
