
Microsoft Visual Studio Solution File, Format Version 12.00
# Visual Studio Version 17
VisualStudioVersion = 17.4.33213.308
MinimumVisualStudioVersion = 10.0.40219.1
Project("{FAE04EC0-301F-11D3-BF4B-00C04F79EFBC}") = "T17-Muistio", "T17-Muistio\T17-Muistio.csproj", "{C18869C9-209B-4A4B-97A8-6B9D1A14799D}"
EndProject
Global
	GlobalSection(SolutionConfigurationPlatforms) = preSolution
		Debug|Any CPU = Debug|Any CPU
		Release|Any CPU = Release|Any CPU
	EndGlobalSection
	GlobalSection(ProjectConfigurationPlatforms) = postSolution
		{C18869C9-209B-4A4B-97A8-6B9D1A14799D}.Debug|Any CPU.ActiveCfg = Debug|Any CPU
		{C18869C9-209B-4A4B-97A8-6B9D1A14799D}.Debug|Any CPU.Build.0 = Debug|Any CPU
		{C18869C9-209B-4A4B-97A8-6B9D1A14799D}.Release|Any CPU.ActiveCfg = Release|Any CPU
		{C18869C9-209B-4A4B-97A8-6B9D1A14799D}.Release|Any CPU.Build.0 = Release|Any CPU
	EndGlobalSection
	GlobalSection(SolutionProperties) = preSolution
		HideSolutionNode = FALSE
	EndGlobalSection
	GlobalSection(ExtensibilityGlobals) = postSolution
		SolutionGuid = {87456F4E-0EAB-40CF-9E2B-996E94090400}
	EndGlobalSection
EndGlobal
